
Microsoft Visual Studio Solution File, Format Version 12.00
# Visual Studio Version 17
VisualStudioVersion = 17.8.34330.188
MinimumVisualStudioVersion = 10.0.40219.1
Project("{FAE04EC0-301F-11D3-BF4B-00C04F79EFBC}") = "WF_DZ1", "WF_DZ1\WF_DZ1.csproj", "{5D53F290-53A3-4E38-856E-7F6300BCCD55}"
EndProject
Global
	GlobalSection(SolutionConfigurationPlatforms) = preSolution
		Debug|Any CPU = Debug|Any CPU
		Release|Any CPU = Release|Any CPU
	EndGlobalSection
	GlobalSection(ProjectConfigurationPlatforms) = postSolution
		{5D53F290-53A3-4E38-856E-7F6300BCCD55}.Debug|Any CPU.ActiveCfg = Debug|Any CPU
		{5D53F290-53A3-4E38-856E-7F6300BCCD55}.Debug|Any CPU.Build.0 = Debug|Any CPU
		{5D53F290-53A3-4E38-856E-7F6300BCCD55}.Release|Any CPU.ActiveCfg = Release|Any CPU
		{5D53F290-53A3-4E38-856E-7F6300BCCD55}.Release|Any CPU.Build.0 = Release|Any CPU
	EndGlobalSection
	GlobalSection(SolutionProperties) = preSolution
		HideSolutionNode = FALSE
	EndGlobalSection
	GlobalSection(ExtensibilityGlobals) = postSolution
		SolutionGuid = {212C5ED1-05AB-4590-BBB7-2731278D2480}
	EndGlobalSection
EndGlobal
